
Microsoft Visual Studio Solution File, Format Version 12.00
# Visual Studio Version 16
VisualStudioVersion = 16.0.31829.152
MinimumVisualStudioVersion = 10.0.40219.1
Project("{FAE04EC0-301F-11D3-BF4B-00C04F79EFBC}") = "Склад", "Склад\Склад.csproj", "{AF464A0F-71C4-45BA-9109-7F8BB0B2CB93}"
EndProject
Global
	GlobalSection(SolutionConfigurationPlatforms) = preSolution
		Debug|Any CPU = Debug|Any CPU
		Release|Any CPU = Release|Any CPU
	EndGlobalSection
	GlobalSection(ProjectConfigurationPlatforms) = postSolution
		{AF464A0F-71C4-45BA-9109-7F8BB0B2CB93}.Debug|Any CPU.ActiveCfg = Debug|Any CPU
		{AF464A0F-71C4-45BA-9109-7F8BB0B2CB93}.Debug|Any CPU.Build.0 = Debug|Any CPU
		{AF464A0F-71C4-45BA-9109-7F8BB0B2CB93}.Release|Any CPU.ActiveCfg = Release|Any CPU
		{AF464A0F-71C4-45BA-9109-7F8BB0B2CB93}.Release|Any CPU.Build.0 = Release|Any CPU
	EndGlobalSection
	GlobalSection(SolutionProperties) = preSolution
		HideSolutionNode = FALSE
	EndGlobalSection
	GlobalSection(ExtensibilityGlobals) = postSolution
		SolutionGuid = {F6291B30-14B9-424E-AFDB-55CF3D86C2DF}
	EndGlobalSection
EndGlobal
